
Microsoft Visual Studio Solution File, Format Version 12.00
# Visual Studio 2015
Project("{FAE04EC0-301F-11D3-BF4B-00C04F79EFBC}") = "STG", "STG.csproj", "{100269A8-F9F0-35CB-DF87-05B2C13029EB}"
EndProject
Global
	GlobalSection(SolutionConfigurationPlatforms) = preSolution
		Debug|Any CPU = Debug|Any CPU
		Release|Any CPU = Release|Any CPU
	EndGlobalSection
	GlobalSection(ProjectConfigurationPlatforms) = postSolution
		{100269A8-F9F0-35CB-DF87-05B2C13029EB}.Debug|Any CPU.ActiveCfg = Debug|Any CPU
		{100269A8-F9F0-35CB-DF87-05B2C13029EB}.Debug|Any CPU.Build.0 = Debug|Any CPU
		{100269A8-F9F0-35CB-DF87-05B2C13029EB}.Release|Any CPU.ActiveCfg = Release|Any CPU
		{100269A8-F9F0-35CB-DF87-05B2C13029EB}.Release|Any CPU.Build.0 = Release|Any CPU
	EndGlobalSection
	GlobalSection(SolutionProperties) = preSolution
		HideSolutionNode = FALSE
	EndGlobalSection
EndGlobal
